
Microsoft Visual Studio Solution File, Format Version 12.00
# Visual Studio Version 16
VisualStudioVersion = 16.0.30225.117
MinimumVisualStudioVersion = 10.0.40219.1
Project("{2150E333-8FDC-42A3-9474-1A3956D46DE8}") = "src", "src", "{F3199FE5-83BF-427D-8626-003F6FE1A32A}"
EndProject
Project("{2150E333-8FDC-42A3-9474-1A3956D46DE8}") = "test", "test", "{C4F22D83-F940-46EA-8C48-19607E51D1E6}"
EndProject
Project("{2150E333-8FDC-42A3-9474-1A3956D46DE8}") = "Solution Items", "Solution Items", "{A9C7AD76-C787-4A58-AF1E-97DA389E1AE7}"
	ProjectSection(SolutionItems) = preProject
		..\azure-pipelines.yml = ..\azure-pipelines.yml
		..\.config\dotnet-tools.json = ..\.config\dotnet-tools.json
		..\GitVersion.yml = ..\GitVersion.yml
	EndProjectSection
EndProject
Project("{9A19103F-16F7-4668-BE54-9A1E7A4F7556}") = "NetToolBox.TwilioHelpers", "src\NetToolBox.TwilioHelpers\NetToolBox.TwilioHelpers.csproj", "{DBDE13A0-EC2B-4BA8-AF14-4460E36D9207}"
EndProject
Project("{9A19103F-16F7-4668-BE54-9A1E7A4F7556}") = "NetToolBox.TwilioHelpers.AspNetCore", "src\NetToolBox.TwilioHelpers.AspNetCore\NetToolBox.TwilioHelpers.AspNetCore.csproj", "{DA570E24-EAB4-4535-8E4C-3F8A9B54A909}"
EndProject
Project("{9A19103F-16F7-4668-BE54-9A1E7A4F7556}") = "NetToolBox.TwilioHelpers.Tests", "test\NetToolBox.TwilioHelpers.Tests\NetToolBox.TwilioHelpers.Tests.csproj", "{581FC47B-8E46-4722-B1FD-041EB0B74E53}"
EndProject
Project("{9A19103F-16F7-4668-BE54-9A1E7A4F7556}") = "NetToolBox.TwilioHelpers.TestWeb", "test\NetToolBox.TwilioHelpers.TestWeb\NetToolBox.TwilioHelpers.TestWeb.csproj", "{DB59997D-2249-4F8C-96AC-A7D6FF8105AF}"
EndProject
Global
	GlobalSection(SolutionConfigurationPlatforms) = preSolution
		Debug|Any CPU = Debug|Any CPU
		Release|Any CPU = Release|Any CPU
	EndGlobalSection
	GlobalSection(ProjectConfigurationPlatforms) = postSolution
		{DBDE13A0-EC2B-4BA8-AF14-4460E36D9207}.Debug|Any CPU.ActiveCfg = Debug|Any CPU
		{DBDE13A0-EC2B-4BA8-AF14-4460E36D9207}.Debug|Any CPU.Build.0 = Debug|Any CPU
		{DBDE13A0-EC2B-4BA8-AF14-4460E36D9207}.Release|Any CPU.ActiveCfg = Release|Any CPU
		{DBDE13A0-EC2B-4BA8-AF14-4460E36D9207}.Release|Any CPU.Build.0 = Release|Any CPU
		{DA570E24-EAB4-4535-8E4C-3F8A9B54A909}.Debug|Any CPU.ActiveCfg = Debug|Any CPU
		{DA570E24-EAB4-4535-8E4C-3F8A9B54A909}.Debug|Any CPU.Build.0 = Debug|Any CPU
		{DA570E24-EAB4-4535-8E4C-3F8A9B54A909}.Release|Any CPU.ActiveCfg = Release|Any CPU
		{DA570E24-EAB4-4535-8E4C-3F8A9B54A909}.Release|Any CPU.Build.0 = Release|Any CPU
		{581FC47B-8E46-4722-B1FD-041EB0B74E53}.Debug|Any CPU.ActiveCfg = Debug|Any CPU
		{581FC47B-8E46-4722-B1FD-041EB0B74E53}.Debug|Any CPU.Build.0 = Debug|Any CPU
		{581FC47B-8E46-4722-B1FD-041EB0B74E53}.Release|Any CPU.ActiveCfg = Release|Any CPU
		{581FC47B-8E46-4722-B1FD-041EB0B74E53}.Release|Any CPU.Build.0 = Release|Any CPU
		{DB59997D-2249-4F8C-96AC-A7D6FF8105AF}.Debug|Any CPU.ActiveCfg = Debug|Any CPU
		{DB59997D-2249-4F8C-96AC-A7D6FF8105AF}.Debug|Any CPU.Build.0 = Debug|Any CPU
		{DB59997D-2249-4F8C-96AC-A7D6FF8105AF}.Release|Any CPU.ActiveCfg = Release|Any CPU
		{DB59997D-2249-4F8C-96AC-A7D6FF8105AF}.Release|Any CPU.Build.0 = Release|Any CPU
	EndGlobalSection
	GlobalSection(SolutionProperties) = preSolution
		HideSolutionNode = FALSE
	EndGlobalSection
	GlobalSection(NestedProjects) = preSolution
		{DBDE13A0-EC2B-4BA8-AF14-4460E36D9207} = {F3199FE5-83BF-427D-8626-003F6FE1A32A}
		{DA570E24-EAB4-4535-8E4C-3F8A9B54A909} = {F3199FE5-83BF-427D-8626-003F6FE1A32A}
		{581FC47B-8E46-4722-B1FD-041EB0B74E53} = {C4F22D83-F940-46EA-8C48-19607E51D1E6}
		{DB59997D-2249-4F8C-96AC-A7D6FF8105AF} = {C4F22D83-F940-46EA-8C48-19607E51D1E6}
	EndGlobalSection
	GlobalSection(ExtensibilityGlobals) = postSolution
		SolutionGuid = {5D081685-91A6-4E93-9324-5C36C96D8885}
	EndGlobalSection
EndGlobal
